
Microsoft Visual Studio Solution File, Format Version 12.00
# Visual Studio 15
VisualStudioVersion = 15.0.27004.2006
MinimumVisualStudioVersion = 10.0.40219.1
Project("{FAE04EC0-301F-11D3-BF4B-00C04F79EFBC}") = "PropertyLinkDemo", "PropertyLinkDemo\PropertyLinkDemo.csproj", "{05506F4C-FF0B-4BB3-A2CE-C8C6F84978E4}"
EndProject
Global
	GlobalSection(SolutionConfigurationPlatforms) = preSolution
		Debug|Any CPU = Debug|Any CPU
		Release|Any CPU = Release|Any CPU
	EndGlobalSection
	GlobalSection(ProjectConfigurationPlatforms) = postSolution
		{05506F4C-FF0B-4BB3-A2CE-C8C6F84978E4}.Debug|Any CPU.ActiveCfg = Debug|Any CPU
		{05506F4C-FF0B-4BB3-A2CE-C8C6F84978E4}.Debug|Any CPU.Build.0 = Debug|Any CPU
		{05506F4C-FF0B-4BB3-A2CE-C8C6F84978E4}.Release|Any CPU.ActiveCfg = Release|Any CPU
		{05506F4C-FF0B-4BB3-A2CE-C8C6F84978E4}.Release|Any CPU.Build.0 = Release|Any CPU
	EndGlobalSection
	GlobalSection(SolutionProperties) = preSolution
		HideSolutionNode = FALSE
	EndGlobalSection
	GlobalSection(ExtensibilityGlobals) = postSolution
		SolutionGuid = {052AD376-E47C-44AD-97C9-9A8FFEE6B4FA}
	EndGlobalSection
EndGlobal
